
Microsoft Visual Studio Solution File, Format Version 12.00
# Visual Studio Version 16
VisualStudioVersion = 16.0.30523.141
MinimumVisualStudioVersion = 10.0.40219.1
Project("{FAE04EC0-301F-11D3-BF4B-00C04F79EFBC}") = "delivery.Android", "delivery\delivery.Android\delivery.Android.csproj", "{A40BF5BA-6AC7-401F-9BF3-DDF7266C078C}"
EndProject
Project("{FAE04EC0-301F-11D3-BF4B-00C04F79EFBC}") = "delivery", "delivery\delivery\delivery.csproj", "{2A4005C3-EB8D-4D10-A670-2FB9F9B9C535}"
EndProject
Global
	GlobalSection(SolutionConfigurationPlatforms) = preSolution
		Debug|Any CPU = Debug|Any CPU
		Release|Any CPU = Release|Any CPU
	EndGlobalSection
	GlobalSection(ProjectConfigurationPlatforms) = postSolution
		{A40BF5BA-6AC7-401F-9BF3-DDF7266C078C}.Debug|Any CPU.ActiveCfg = Debug|Any CPU
		{A40BF5BA-6AC7-401F-9BF3-DDF7266C078C}.Debug|Any CPU.Build.0 = Debug|Any CPU
		{A40BF5BA-6AC7-401F-9BF3-DDF7266C078C}.Debug|Any CPU.Deploy.0 = Debug|Any CPU
		{A40BF5BA-6AC7-401F-9BF3-DDF7266C078C}.Release|Any CPU.ActiveCfg = Release|Any CPU
		{A40BF5BA-6AC7-401F-9BF3-DDF7266C078C}.Release|Any CPU.Build.0 = Release|Any CPU
		{A40BF5BA-6AC7-401F-9BF3-DDF7266C078C}.Release|Any CPU.Deploy.0 = Release|Any CPU
		{2A4005C3-EB8D-4D10-A670-2FB9F9B9C535}.Debug|Any CPU.ActiveCfg = Debug|Any CPU
		{2A4005C3-EB8D-4D10-A670-2FB9F9B9C535}.Debug|Any CPU.Build.0 = Debug|Any CPU
		{2A4005C3-EB8D-4D10-A670-2FB9F9B9C535}.Debug|Any CPU.Deploy.0 = Debug|Any CPU
		{2A4005C3-EB8D-4D10-A670-2FB9F9B9C535}.Release|Any CPU.ActiveCfg = Release|Any CPU
		{2A4005C3-EB8D-4D10-A670-2FB9F9B9C535}.Release|Any CPU.Build.0 = Release|Any CPU
		{2A4005C3-EB8D-4D10-A670-2FB9F9B9C535}.Release|Any CPU.Deploy.0 = Release|Any CPU
	EndGlobalSection
	GlobalSection(SolutionProperties) = preSolution
		HideSolutionNode = FALSE
	EndGlobalSection
	GlobalSection(ExtensibilityGlobals) = postSolution
		SolutionGuid = {3FB865B3-77A0-4978-BC81-FDC18FB82C72}
	EndGlobalSection
EndGlobal
